
Microsoft Visual Studio Solution File, Format Version 12.00
# Visual Studio 14
VisualStudioVersion = 14.0.24720.0
MinimumVisualStudioVersion = 10.0.40219.1
Project("{FAE04EC0-301F-11D3-BF4B-00C04F79EFBC}") = "Geymsla", "Geymsla\Geymsla.csproj", "{745A368E-0B4E-4D76-9C8D-5A78B69DB1E8}"
EndProject
Global
	GlobalSection(SolutionConfigurationPlatforms) = preSolution
		Debug|Any CPU = Debug|Any CPU
		Release|Any CPU = Release|Any CPU
	EndGlobalSection
	GlobalSection(ProjectConfigurationPlatforms) = postSolution
		{745A368E-0B4E-4D76-9C8D-5A78B69DB1E8}.Debug|Any CPU.ActiveCfg = Debug|Any CPU
		{745A368E-0B4E-4D76-9C8D-5A78B69DB1E8}.Debug|Any CPU.Build.0 = Debug|Any CPU
		{745A368E-0B4E-4D76-9C8D-5A78B69DB1E8}.Release|Any CPU.ActiveCfg = Release|Any CPU
		{745A368E-0B4E-4D76-9C8D-5A78B69DB1E8}.Release|Any CPU.Build.0 = Release|Any CPU
	EndGlobalSection
	GlobalSection(SolutionProperties) = preSolution
		HideSolutionNode = FALSE
	EndGlobalSection
EndGlobal
